// !$*UTF8*$!
{
	archiveVersion = 1;
	classes = {
	};
	objectVersion = 48;
	objects = {

/* Begin PBXBuildFile section */
		A523E0CD1FC7C38C00D6A7B2 /* AppDelegate.m in Sources */ = {isa = PBXBuildFile; fileRef = A523E0CC1FC7C38C00D6A7B2 /* AppDelegate.m */; };
		A523E0D01FC7C38C00D6A7B2 /* ViewController.m in Sources */ = {isa = PBXBuildFile; fileRef = A523E0CF1FC7C38C00D6A7B2 /* ViewController.m */; };
		A523E0D31FC7C38C00D6A7B2 /* Main.storyboard in Resources */ = {isa = PBXBuildFile; fileRef = A523E0D11FC7C38C00D6A7B2 /* Main.storyboard */; };
		A523E0D51FC7C38C00D6A7B2 /* Assets.xcassets in Resources */ = {isa = PBXBuildFile; fileRef = A523E0D41FC7C38C00D6A7B2 /* Assets.xcassets */; };
		A523E0D81FC7C38C00D6A7B2 /* LaunchScreen.storyboard in Resources */ = {isa = PBXBuildFile; fileRef = A523E0D61FC7C38C00D6A7B2 /* LaunchScreen.storyboard */; };
		A523E0DB1FC7C38C00D6A7B2 /* main.m in Sources */ = {isa = PBXBuildFile; fileRef = A523E0DA1FC7C38C00D6A7B2 /* main.m */; };
		A523E0E51FC7C38C00D6A7B2 /* iPhoneXDemoTests.m in Sources */ = {isa = PBXBuildFile; fileRef = A523E0E41FC7C38C00D6A7B2 /* iPhoneXDemoTests.m */; };
		A523E0F01FC7C38C00D6A7B2 /* iPhoneXDemoUITests.m in Sources */ = {isa = PBXBuildFile; fileRef = A523E0EF1FC7C38C00D6A7B2 /* iPhoneXDemoUITests.m */; };
/* End PBXBuildFile section */

/* Begin PBXContainerItemProxy section */
		A523E0E11FC7C38C00D6A7B2 /* PBXContainerItemProxy */ = {
			isa = PBXContainerItemProxy;
			containerPortal = A523E0C01FC7C38C00D6A7B2 /* Project object */;
			proxyType = 1;
			remoteGlobalIDString = A523E0C71FC7C38C00D6A7B2;
			remoteInfo = iPhoneXDemo;
		};
		A523E0EC1FC7C38C00D6A7B2 /* PBXContainerItemProxy */ = {
			isa = PBXContainerItemProxy;
			containerPortal = A523E0C01FC7C38C00D6A7B2 /* Project object */;
			proxyType = 1;
			remoteGlobalIDString = A523E0C71FC7C38C00D6A7B2;
			remoteInfo = iPhoneXDemo;
		};
/* End PBXContainerItemProxy section */

/* Begin PBXFileReference section */
		A523E0C81FC7C38C00D6A7B2 /* iPhoneXDemo.app */ = {isa = PBXFileReference; explicitFileType = wrapper.application; includeInIndex = 0; path = iPhoneXDemo.app; sourceTree = BUILT_PRODUCTS_DIR; };
		A523E0CB1FC7C38C00D6A7B2 /* AppDelegate.h */ = {isa = PBXFileReference; lastKnownFileType = sourcecode.c.h; path = AppDelegate.h; sourceTree = "<group>"; };
		A523E0CC1FC7C38C00D6A7B2 /* AppDelegate.m */ = {isa = PBXFileReference; lastKnownFileType = sourcecode.c.objc; path = AppDelegate.m; sourceTree = "<group>"; };
		A523E0CE1FC7C38C00D6A7B2 /* ViewController.h */ = {isa = PBXFileReference; lastKnownFileType = sourcecode.c.h; path = ViewController.h; sourceTree = "<group>"; };
		A523E0CF1FC7C38C00D6A7B2 /* ViewController.m */ = {isa = PBXFileReference; lastKnownFileType = sourcecode.c.objc; path = ViewController.m; sourceTree = "<group>"; };
		A523E0D21FC7C38C00D6A7B2 /* Base */ = {isa = PBXFileReference; lastKnownFileType = file.storyboard; name = Base; path = Base.lproj/Main.storyboard; sourceTree = "<group>"; };
		A523E0D41FC7C38C00D6A7B2 /* Assets.xcassets */ = {isa = PBXFileReference; lastKnownFileType = folder.assetcatalog; path = Assets.xcassets; sourceTree = "<group>"; };
		A523E0D71FC7C38C00D6A7B2 /* Base */ = {isa = PBXFileReference; lastKnownFileType = file.storyboard; name = Base; path = Base.lproj/LaunchScreen.storyboard; sourceTree = "<group>"; };
		A523E0D91FC7C38C00D6A7B2 /* Info.plist */ = {isa = PBXFileReference; lastKnownFileType = text.plist.xml; path = Info.plist; sourceTree = "<group>"; };
		A523E0DA1FC7C38C00D6A7B2 /* main.m */ = {isa = PBXFileReference; lastKnownFileType = sourcecode.c.objc; path = main.m; sourceTree = "<group>"; };
		A523E0E01FC7C38C00D6A7B2 /* iPhoneXDemoTests.xctest */ = {isa = PBXFileReference; explicitFileType = wrapper.cfbundle; includeInIndex = 0; path = iPhoneXDemoTests.xctest; sourceTree = BUILT_PRODUCTS_DIR; };
		A523E0E41FC7C38C00D6A7B2 /* iPhoneXDemoTests.m */ = {isa = PBXFileReference; lastKnownFileType = sourcecode.c.objc; path = iPhoneXDemoTests.m; sourceTree = "<group>"; };
		A523E0E61FC7C38C00D6A7B2 /* Info.plist */ = {isa = PBXFileReference; lastKnownFileType = text.plist.xml; path = Info.plist; sourceTree = "<group>"; };
		A523E0EB1FC7C38C00D6A7B2 /* iPhoneXDemoUITests.xctest */ = {isa = PBXFileReference; explicitFileType = wrapper.cfbundle; includeInIndex = 0; path = iPhoneXDemoUITests.xctest; sourceTree = BUILT_PRODUCTS_DIR; };
		A523E0EF1FC7C38C00D6A7B2 /* iPhoneXDemoUITests.m */ = {isa = PBXFileReference; lastKnownFileType = sourcecode.c.objc; path = iPhoneXDemoUITests.m; sourceTree = "<group>"; };
		A523E0F11FC7C38C00D6A7B2 /* Info.plist */ = {isa = PBXFileReference; lastKnownFileType = text.plist.xml; path = Info.plist; sourceTree = "<group>"; };
/* End PBXFileReference section */

/* Begin PBXFrameworksBuildPhase section */
		A523E0C51FC7C38C00D6A7B2 /* Frameworks */ = {
			isa = PBXFrameworksBuildPhase;
			buildActionMask = 2147483647;
			files = (
			);
			runOnlyForDeploymentPostprocessing = 0;
		};
		A523E0DD1FC7C38C00D6A7B2 /* Frameworks */ = {
			isa = PBXFrameworksBuildPhase;
			buildActionMask = 2147483647;
			files = (
			);
			runOnlyForDeploymentPostprocessing = 0;
		};
		A523E0E81FC7C38C00D6A7B2 /* Frameworks */ = {
			isa = PBXFrameworksBuildPhase;
			buildActionMask = 2147483647;
			files = (
			);
			runOnlyForDeploymentPostprocessing = 0;
		};
/* End PBXFrameworksBuildPhase section */

/* Begin PBXGroup section */
		A523E0BF1FC7C38C00D6A7B2 = {
			isa = PBXGroup;
			children = (
				A523E0CA1FC7C38C00D6A7B2 /* iPhoneXDemo */,
				A523E0E31FC7C38C00D6A7B2 /* iPhoneXDemoTests */,
				A523E0EE1FC7C38C00D6A7B2 /* iPhoneXDemoUITests */,
				A523E0C91FC7C38C00D6A7B2 /* Products */,
			);
			sourceTree = "<group>";
		};
		A523E0C91FC7C38C00D6A7B2 /* Products */ = {
			isa = PBXGroup;
			children = (
				A523E0C81FC7C38C00D6A7B2 /* iPhoneXDemo.app */,
				A523E0E01FC7C38C00D6A7B2 /* iPhoneXDemoTests.xctest */,
				A523E0EB1FC7C38C00D6A7B2 /* iPhoneXDemoUITests.xctest */,
			);
			name = Products;
			sourceTree = "<group>";
		};
		A523E0CA1FC7C38C00D6A7B2 /* iPhoneXDemo */ = {
			isa = PBXGroup;
			children = (
				A523E0CB1FC7C38C00D6A7B2 /* AppDelegate.h */,
				A523E0CC1FC7C38C00D6A7B2 /* AppDelegate.m */,
				A523E0CE1FC7C38C00D6A7B2 /* ViewController.h */,
				A523E0CF1FC7C38C00D6A7B2 /* ViewController.m */,
				A523E0D11FC7C38C00D6A7B2 /* Main.storyboard */,
				A523E0D41FC7C38C00D6A7B2 /* Assets.xcassets */,
				A523E0D61FC7C38C00D6A7B2 /* LaunchScreen.storyboard */,
				A523E0D91FC7C38C00D6A7B2 /* Info.plist */,
				A523E0DA1FC7C38C00D6A7B2 /* main.m */,
			);
			path = iPhoneXDemo;
			sourceTree = "<group>";
		};
		A523E0E31FC7C38C00D6A7B2 /* iPhoneXDemoTests */ = {
			isa = PBXGroup;
			children = (
				A523E0E41FC7C38C00D6A7B2 /* iPhoneXDemoTests.m */,
				A523E0E61FC7C38C00D6A7B2 /* Info.plist */,
			);
			path = iPhoneXDemoTests;
			sourceTree = "<group>";
		};
		A523E0EE1FC7C38C00D6A7B2 /* iPhoneXDemoUITests */ = {
			isa = PBXGroup;
			children = (
				A523E0EF1FC7C38C00D6A7B2 /* iPhoneXDemoUITests.m */,
				A523E0F11FC7C38C00D6A7B2 /* Info.plist */,
			);
			path = iPhoneXDemoUITests;
			sourceTree = "<group>";
		};
/* End PBXGroup section */

/* Begin PBXNativeTarget section */
		A523E0C71FC7C38C00D6A7B2 /* iPhoneXDemo */ = {
			isa = PBXNativeTarget;
			buildConfigurationList = A523E0F41FC7C38C00D6A7B2 /* Build configuration list for PBXNativeTarget "iPhoneXDemo" */;
			buildPhases = (
				A523E0C41FC7C38C00D6A7B2 /* Sources */,
				A523E0C51FC7C38C00D6A7B2 /* Frameworks */,
				A523E0C61FC7C38C00D6A7B2 /* Resources */,
			);
			buildRules = (
			);
			dependencies = (
			);
			name = iPhoneXDemo;
			productName = iPhoneXDemo;
			productReference = A523E0C81FC7C38C00D6A7B2 /* iPhoneXDemo.app */;
			productType = "com.apple.product-type.application";
		};
		A523E0DF1FC7C38C00D6A7B2 /* iPhoneXDemoTests */ = {
			isa = PBXNativeTarget;
			buildConfigurationList = A523E0F71FC7C38C00D6A7B2 /* Build configuration list for PBXNativeTarget "iPhoneXDemoTests" */;
			buildPhases = (
				A523E0DC1FC7C38C00D6A7B2 /* Sources */,
				A523E0DD1FC7C38C00D6A7B2 /* Frameworks */,
				A523E0DE1FC7C38C00D6A7B2 /* Resources */,
			);
			buildRules = (
			);
			dependencies = (
				A523E0E21FC7C38C00D6A7B2 /* PBXTargetDependency */,
			);
			name = iPhoneXDemoTests;
			productName = iPhoneXDemoTests;
			productReference = A523E0E01FC7C38C00D6A7B2 /* iPhoneXDemoTests.xctest */;
			productType = "com.apple.product-type.bundle.unit-test";
		};
		A523E0EA1FC7C38C00D6A7B2 /* iPhoneXDemoUITests */ = {
			isa = PBXNativeTarget;
			buildConfigurationList = A523E0FA1FC7C38C00D6A7B2 /* Build configuration list for PBXNativeTarget "iPhoneXDemoUITests" */;
			buildPhases = (
				A523E0E71FC7C38C00D6A7B2 /* Sources */,
				A523E0E81FC7C38C00D6A7B2 /* Frameworks */,
				A523E0E91FC7C38C00D6A7B2 /* Resources */,
			);
			buildRules = (
			);
			dependencies = (
				A523E0ED1FC7C38C00D6A7B2 /* PBXTargetDependency */,
			);
			name = iPhoneXDemoUITests;
			productName = iPhoneXDemoUITests;
			productReference = A523E0EB1FC7C38C00D6A7B2 /* iPhoneXDemoUITests.xctest */;
			productType = "com.apple.product-type.bundle.ui-testing";
		};
/* End PBXNativeTarget section */

/* Begin PBXProject section */
		A523E0C01FC7C38C00D6A7B2 /* Project object */ = {
			isa = PBXProject;
			attributes = {
				LastUpgradeCheck = 0910;
				ORGANIZATIONNAME = BillBo;
				TargetAttributes = {
					A523E0C71FC7C38C00D6A7B2 = {
						CreatedOnToolsVersion = 9.1;
						ProvisioningStyle = Automatic;
					};
					A523E0DF1FC7C38C00D6A7B2 = {
						CreatedOnToolsVersion = 9.1;
						ProvisioningStyle = Automatic;
						TestTargetID = A523E0C71FC7C38C00D6A7B2;
					};
					A523E0EA1FC7C38C00D6A7B2 = {
						CreatedOnToolsVersion = 9.1;
						ProvisioningStyle = Automatic;
						TestTargetID = A523E0C71FC7C38C00D6A7B2;
					};
				};
			};
			buildConfigurationList = A523E0C31FC7C38C00D6A7B2 /* Build configuration list for PBXProject "iPhoneXDemo" */;
			compatibilityVersion = "Xcode 8.0";
			developmentRegion = en;
			hasScannedForEncodings = 0;
			knownRegions = (
				en,
				Base,
			);
			mainGroup = A523E0BF1FC7C38C00D6A7B2;
			productRefGroup = A523E0C91FC7C38C00D6A7B2 /* Products */;
			projectDirPath = "";
			projectRoot = "";
			targets = (
				A523E0C71FC7C38C00D6A7B2 /* iPhoneXDemo */,
				A523E0DF1FC7C38C00D6A7B2 /* iPhoneXDemoTests */,
				A523E0EA1FC7C38C00D6A7B2 /* iPhoneXDemoUITests */,
			);
		};
/* End PBXProject section */

/* Begin PBXResourcesBuildPhase section */
		A523E0C61FC7C38C00D6A7B2 /* Resources */ = {
			isa = PBXResourcesBuildPhase;
			buildActionMask = 2147483647;
			files = (
				A523E0D81FC7C38C00D6A7B2 /* LaunchScreen.storyboard in Resources */,
				A523E0D51FC7C38C00D6A7B2 /* Assets.xcassets in Resources */,
				A523E0D31FC7C38C00D6A7B2 /* Main.storyboard in Resources */,
			);
			runOnlyForDeploymentPostprocessing = 0;
		};
		A523E0DE1FC7C38C00D6A7B2 /* Resources */ = {
			isa = PBXResourcesBuildPhase;
			buildActionMask = 2147483647;
			files = (
			);
			runOnlyForDeploymentPostprocessing = 0;
		};
		A523E0E91FC7C38C00D6A7B2 /* Resources */ = {
			isa = PBXResourcesBuildPhase;
			buildActionMask = 2147483647;
			files = (
			);
			runOnlyForDeploymentPostprocessing = 0;
		};
/* End PBXResourcesBuildPhase section */

/* Begin PBXSourcesBuildPhase section */
		A523E0C41FC7C38C00D6A7B2 /* Sources */ = {
			isa = PBXSourcesBuildPhase;
			buildActionMask = 2147483647;
			files = (
				A523E0D01FC7C38C00D6A7B2 /* ViewController.m in Sources */,
				A523E0DB1FC7C38C00D6A7B2 /* main.m in Sources */,
				A523E0CD1FC7C38C00D6A7B2 /* AppDelegate.m in Sources */,
			);
			runOnlyForDeploymentPostprocessing = 0;
		};
		A523E0DC1FC7C38C00D6A7B2 /* Sources */ = {
			isa = PBXSourcesBuildPhase;
			buildActionMask = 2147483647;
			files = (
				A523E0E51FC7C38C00D6A7B2 /* iPhoneXDemoTests.m in Sources */,
			);
			runOnlyForDeploymentPostprocessing = 0;
		};
		A523E0E71FC7C38C00D6A7B2 /* Sources */ = {
			isa = PBXSourcesBuildPhase;
			buildActionMask = 2147483647;
			files = (
				A523E0F01FC7C38C00D6A7B2 /* iPhoneXDemoUITests.m in Sources */,
			);
			runOnlyForDeploymentPostprocessing = 0;
		};
/* End PBXSourcesBuildPhase section */

/* Begin PBXTargetDependency section */
		A523E0E21FC7C38C00D6A7B2 /* PBXTargetDependency */ = {
			isa = PBXTargetDependency;
			target = A523E0C71FC7C38C00D6A7B2 /* iPhoneXDemo */;
			targetProxy = A523E0E11FC7C38C00D6A7B2 /* PBXContainerItemProxy */;
		};
		A523E0ED1FC7C38C00D6A7B2 /* PBXTargetDependency */ = {
			isa = PBXTargetDependency;
			target = A523E0C71FC7C38C00D6A7B2 /* iPhoneXDemo */;
			targetProxy = A523E0EC1FC7C38C00D6A7B2 /* PBXContainerItemProxy */;
		};
/* End PBXTargetDependency section */

/* Begin PBXVariantGroup section */
		A523E0D11FC7C38C00D6A7B2 /* Main.storyboard */ = {
			isa = PBXVariantGroup;
			children = (
				A523E0D21FC7C38C00D6A7B2 /* Base */,
			);
			name = Main.storyboard;
			sourceTree = "<group>";
		};
		A523E0D61FC7C38C00D6A7B2 /* LaunchScreen.storyboard */ = {
			isa = PBXVariantGroup;
			children = (
				A523E0D71FC7C38C00D6A7B2 /* Base */,
			);
			name = LaunchScreen.storyboard;
			sourceTree = "<group>";
		};
/* End PBXVariantGroup section */

/* Begin XCBuildConfiguration section */
		A523E0F21FC7C38C00D6A7B2 /* Debug */ = {
			isa = XCBuildConfiguration;
			buildSettings = {
				ALWAYS_SEARCH_USER_PATHS = NO;
				CLANG_ANALYZER_NONNULL = YES;
				CLANG_ANALYZER_NUMBER_OBJECT_CONVERSION = YES_AGGRESSIVE;
				CLANG_CXX_LANGUAGE_STANDARD = "gnu++14";
				CLANG_CXX_LIBRARY = "libc++";
				CLANG_ENABLE_MODULES = YES;
				CLANG_ENABLE_OBJC_ARC = YES;
				CLANG_WARN_BLOCK_CAPTURE_AUTORELEASING = YES;
				CLANG_WARN_BOOL_CONVERSION = YES;
				CLANG_WARN_COMMA = YES;
				CLANG_WARN_CONSTANT_CONVERSION = YES;
				CLANG_WARN_DIRECT_OBJC_ISA_USAGE = YES_ERROR;
				CLANG_WARN_DOCUMENTATION_COMMENTS = YES;
				CLANG_WARN_EMPTY_BODY = YES;
				CLANG_WARN_ENUM_CONVERSION = YES;
				CLANG_WARN_INFINITE_RECURSION = YES;
				CLANG_WARN_INT_CONVERSION = YES;
				CLANG_WARN_NON_LITERAL_NULL_CONVERSION = YES;
				CLANG_WARN_OBJC_LITERAL_CONVERSION = YES;
				CLANG_WARN_OBJC_ROOT_CLASS = YES_ERROR;
				CLANG_WARN_RANGE_LOOP_ANALYSIS = YES;
				CLANG_WARN_STRICT_PROTOTYPES = YES;
				CLANG_WARN_SUSPICIOUS_MOVE = YES;
				CLANG_WARN_UNGUARDED_AVAILABILITY = YES_AGGRESSIVE;
				CLANG_WARN_UNREACHABLE_CODE = YES;
				CLANG_WARN__DUPLICATE_METHOD_MATCH = YES;
				CODE_SIGN_IDENTITY = "iPhone Developer";
				COPY_PHASE_STRIP = NO;
				DEBUG_INFORMATION_FORMAT = dwarf;
				ENABLE_STRICT_OBJC_MSGSEND = YES;
				ENABLE_TESTABILITY = YES;
				GCC_C_LANGUAGE_STANDARD = gnu11;
				GCC_DYNAMIC_NO_PIC = NO;
				GCC_NO_COMMON_BLOCKS = YES;
				GCC_OPTIMIZATION_LEVEL = 0;
				GCC_PREPROCESSOR_DEFINITIONS = (
					"DEBUG=1",
					"$(inherited)",
				);
				GCC_WARN_64_TO_32_BIT_CONVERSION = YES;
				GCC_WARN_ABOUT_RETURN_TYPE = YES_ERROR;
				GCC_WARN_UNDECLARED_SELECTOR = YES;
				GCC_WARN_UNINITIALIZED_AUTOS = YES_AGGRESSIVE;
				GCC_WARN_UNUSED_FUNCTION = YES;
				GCC_WARN_UNUSED_VARIABLE = YES;
				IPHONEOS_DEPLOYMENT_TARGET = 11.1;
				MTL_ENABLE_DEBUG_INFO = YES;
				ONLY_ACTIVE_ARCH = YES;
				SDKROOT = iphoneos;
			};
			name = Debug;
		};
		A523E0F31FC7C38C00D6A7B2 /* Release */ = {
			isa = XCBuildConfiguration;
			buildSettings = {
				ALWAYS_SEARCH_USER_PATHS = NO;
				CLANG_ANALYZER_NONNULL = YES;
				CLANG_ANALYZER_NUMBER_OBJECT_CONVERSION = YES_AGGRESSIVE;
				CLANG_CXX_LANGUAGE_STANDARD = "gnu++14";
				CLANG_CXX_LIBRARY = "libc++";
				CLANG_ENABLE_MODULES = YES;
				CLANG_ENABLE_OBJC_ARC = YES;
				CLANG_WARN_BLOCK_CAPTURE_AUTORELEASING = YES;
				CLANG_WARN_BOOL_CONVERSION = YES;
				CLANG_WARN_COMMA = YES;
				CLANG_WARN_CONSTANT_CONVERSION = YES;
				CLANG_WARN_DIRECT_OBJC_ISA_USAGE = YES_ERROR;
				CLANG_WARN_DOCUMENTATION_COMMENTS = YES;
				CLANG_WARN_EMPTY_BODY = YES;
				CLANG_WARN_ENUM_CONVERSION = YES;
				CLANG_WARN_INFINITE_RECURSION = YES;
				CLANG_WARN_INT_CONVERSION = YES;
				CLANG_WARN_NON_LITERAL_NULL_CONVERSION = YES;
				CLANG_WARN_OBJC_LITERAL_CONVERSION = YES;
				CLANG_WARN_OBJC_ROOT_CLASS = YES_ERROR;
				CLANG_WARN_RANGE_LOOP_ANALYSIS = YES;
				CLANG_WARN_STRICT_PROTOTYPES = YES;
				CLANG_WARN_SUSPICIOUS_MOVE = YES;
				CLANG_WARN_UNGUARDED_AVAILABILITY = YES_AGGRESSIVE;
				CLANG_WARN_UNREACHABLE_CODE = YES;
				CLANG_WARN__DUPLICATE_METHOD_MATCH = YES;
				CODE_SIGN_IDENTITY = "iPhone Developer";
				COPY_PHASE_STRIP = NO;
				DEBUG_INFORMATION_FORMAT = "dwarf-with-dsym";
				ENABLE_NS_ASSERTIONS = NO;
				ENABLE_STRICT_OBJC_MSGSEND = YES;
				GCC_C_LANGUAGE_STANDARD = gnu11;
				GCC_NO_COMMON_BLOCKS = YES;
				GCC_WARN_64_TO_32_BIT_CONVERSION = YES;
				GCC_WARN_ABOUT_RETURN_TYPE = YES_ERROR;
				GCC_WARN_UNDECLARED_SELECTOR = YES;
				GCC_WARN_UNINITIALIZED_AUTOS = YES_AGGRESSIVE;
				GCC_WARN_UNUSED_FUNCTION = YES;
				GCC_WARN_UNUSED_VARIABLE = YES;
				IPHONEOS_DEPLOYMENT_TARGET = 11.1;
				MTL_ENABLE_DEBUG_INFO = NO;
				SDKROOT = iphoneos;
				VALIDATE_PRODUCT = YES;
			};
			name = Release;
		};
		A523E0F51FC7C38C00D6A7B2 /* Debug */ = {
			isa = XCBuildConfiguration;
			buildSettings = {
				ASSETCATALOG_COMPILER_APPICON_NAME = AppIcon;
				CODE_SIGN_STYLE = Automatic;
				DEVELOPMENT_TEAM = F8GY9XXT4N;
				INFOPLIST_FILE = iPhoneXDemo/Info.plist;
				LD_RUNPATH_SEARCH_PATHS = "$(inherited) @executable_path/Frameworks";
				PRODUCT_BUNDLE_IDENTIFIER = com.bill.iPhoneXDemo;
				PRODUCT_NAME = "$(TARGET_NAME)";
				TARGETED_DEVICE_FAMILY = "1,2";
			};
			name = Debug;
		};
		A523E0F61FC7C38C00D6A7B2 /* Release */ = {
			isa = XCBuildConfiguration;
			buildSettings = {
				ASSETCATALOG_COMPILER_APPICON_NAME = AppIcon;
				CODE_SIGN_STYLE = Automatic;
				DEVELOPMENT_TEAM = F8GY9XXT4N;
				INFOPLIST_FILE = iPhoneXDemo/Info.plist;
				LD_RUNPATH_SEARCH_PATHS = "$(inherited) @executable_path/Frameworks";
				PRODUCT_BUNDLE_IDENTIFIER = com.bill.iPhoneXDemo;
				PRODUCT_NAME = "$(TARGET_NAME)";
				TARGETED_DEVICE_FAMILY = "1,2";
			};
			name = Release;
		};
		A523E0F81FC7C38C00D6A7B2 /* Debug */ = {
			isa = XCBuildConfiguration;
			buildSettings = {
				BUNDLE_LOADER = "$(TEST_HOST)";
				CODE_SIGN_STYLE = Automatic;
				DEVELOPMENT_TEAM = F8GY9XXT4N;
				INFOPLIST_FILE = iPhoneXDemoTests/Info.plist;
				LD_RUNPATH_SEARCH_PATHS = "$(inherited) @executable_path/Frameworks @loader_path/Frameworks";
				PRODUCT_BUNDLE_IDENTIFIER = com.bill.iPhoneXDemoTests;
				PRODUCT_NAME = "$(TARGET_NAME)";
				TARGETED_DEVICE_FAMILY = "1,2";
				TEST_HOST = "$(BUILT_PRODUCTS_DIR)/iPhoneXDemo.app/iPhoneXDemo";
			};
			name = Debug;
		};
		A523E0F91FC7C38C00D6A7B2 /* Release */ = {
			isa = XCBuildConfiguration;
			buildSettings = {
				BUNDLE_LOADER = "$(TEST_HOST)";
				CODE_SIGN_STYLE = Automatic;
				DEVELOPMENT_TEAM = F8GY9XXT4N;
				INFOPLIST_FILE = iPhoneXDemoTests/Info.plist;
				LD_RUNPATH_SEARCH_PATHS = "$(inherited) @executable_path/Frameworks @loader_path/Frameworks";
				PRODUCT_BUNDLE_IDENTIFIER = com.bill.iPhoneXDemoTests;
				PRODUCT_NAME = "$(TARGET_NAME)";
				TARGETED_DEVICE_FAMILY = "1,2";
				TEST_HOST = "$(BUILT_PRODUCTS_DIR)/iPhoneXDemo.app/iPhoneXDemo";
			};
			name = Release;
		};
		A523E0FB1FC7C38C00D6A7B2 /* Debug */ = {
			isa = XCBuildConfiguration;
			buildSettings = {
				CODE_SIGN_STYLE = Automatic;
				DEVELOPMENT_TEAM = F8GY9XXT4N;
				INFOPLIST_FILE = iPhoneXDemoUITests/Info.plist;
				LD_RUNPATH_SEARCH_PATHS = "$(inherited) @executable_path/Frameworks @loader_path/Frameworks";
				PRODUCT_BUNDLE_IDENTIFIER = com.bill.iPhoneXDemoUITests;
				PRODUCT_NAME = "$(TARGET_NAME)";
				TARGETED_DEVICE_FAMILY = "1,2";
				TEST_TARGET_NAME = iPhoneXDemo;
			};
			name = Debug;
		};
		A523E0FC1FC7C38C00D6A7B2 /* Release */ = {
			isa = XCBuildConfiguration;
			buildSettings = {
				CODE_SIGN_STYLE = Automatic;
				DEVELOPMENT_TEAM = F8GY9XXT4N;
				INFOPLIST_FILE = iPhoneXDemoUITests/Info.plist;
				LD_RUNPATH_SEARCH_PATHS = "$(inherited) @executable_path/Frameworks @loader_path/Frameworks";
				PRODUCT_BUNDLE_IDENTIFIER = com.bill.iPhoneXDemoUITests;
				PRODUCT_NAME = "$(TARGET_NAME)";
				TARGETED_DEVICE_FAMILY = "1,2";
				TEST_TARGET_NAME = iPhoneXDemo;
			};
			name = Release;
		};
/* End XCBuildConfiguration section */

/* Begin XCConfigurationList section */
		A523E0C31FC7C38C00D6A7B2 /* Build configuration list for PBXProject "iPhoneXDemo" */ = {
			isa = XCConfigurationList;
			buildConfigurations = (
				A523E0F21FC7C38C00D6A7B2 /* Debug */,
				A523E0F31FC7C38C00D6A7B2 /* Release */,
			);
			defaultConfigurationIsVisible = 0;
			defaultConfigurationName = Release;
		};
		A523E0F41FC7C38C00D6A7B2 /* Build configuration list for PBXNativeTarget "iPhoneXDemo" */ = {
			isa = XCConfigurationList;
			buildConfigurations = (
				A523E0F51FC7C38C00D6A7B2 /* Debug */,
				A523E0F61FC7C38C00D6A7B2 /* Release */,
			);
			defaultConfigurationIsVisible = 0;
			defaultConfigurationName = Release;
		};
		A523E0F71FC7C38C00D6A7B2 /* Build configuration list for PBXNativeTarget "iPhoneXDemoTests" */ = {
			isa = XCConfigurationList;
			buildConfigurations = (
				A523E0F81FC7C38C00D6A7B2 /* Debug */,
				A523E0F91FC7C38C00D6A7B2 /* Release */,
			);
			defaultConfigurationIsVisible = 0;
			defaultConfigurationName = Release;
		};
		A523E0FA1FC7C38C00D6A7B2 /* Build configuration list for PBXNativeTarget "iPhoneXDemoUITests" */ = {
			isa = XCConfigurationList;
			buildConfigurations = (
				A523E0FB1FC7C38C00D6A7B2 /* Debug */,
				A523E0FC1FC7C38C00D6A7B2 /* Release */,
			);
			defaultConfigurationIsVisible = 0;
			defaultConfigurationName = Release;
		};
/* End XCConfigurationList section */
	};
	rootObject = A523E0C01FC7C38C00D6A7B2 /* Project object */;
}
